// !$*UTF8*$!
{
	archiveVersion = 1;
	classes = {
	};
	objectVersion = 46;
	objects = {

/* Begin PBXBuildFile section */
		34DA6E081BBB5E7B00B98030 /* BNCConfig.h in Headers */ = {isa = PBXBuildFile; fileRef = 34DA6DBC1BBB5E7B00B98030 /* BNCConfig.h */; settings = {ASSET_TAGS = (); }; };
		34DA6E091BBB5E7B00B98030 /* BNCContentDiscoveryManager.h in Headers */ = {isa = PBXBuildFile; fileRef = 34DA6DBD1BBB5E7B00B98030 /* BNCContentDiscoveryManager.h */; settings = {ASSET_TAGS = (); }; };
		34DA6E0A1BBB5E7B00B98030 /* BNCContentDiscoveryManager.m in Sources */ = {isa = PBXBuildFile; fileRef = 34DA6DBE1BBB5E7B00B98030 /* BNCContentDiscoveryManager.m */; settings = {ASSET_TAGS = (); }; };
		34DA6E0B1BBB5E7B00B98030 /* BNCEncodingUtils.h in Headers */ = {isa = PBXBuildFile; fileRef = 34DA6DBF1BBB5E7B00B98030 /* BNCEncodingUtils.h */; settings = {ASSET_TAGS = (); }; };
		34DA6E0C1BBB5E7B00B98030 /* BNCEncodingUtils.m in Sources */ = {isa = PBXBuildFile; fileRef = 34DA6DC01BBB5E7B00B98030 /* BNCEncodingUtils.m */; settings = {ASSET_TAGS = (); }; };
		34DA6E0D1BBB5E7B00B98030 /* BNCError.h in Headers */ = {isa = PBXBuildFile; fileRef = 34DA6DC11BBB5E7B00B98030 /* BNCError.h */; settings = {ASSET_TAGS = (); }; };
		34DA6E0E1BBB5E7B00B98030 /* BNCError.m in Sources */ = {isa = PBXBuildFile; fileRef = 34DA6DC21BBB5E7B00B98030 /* BNCError.m */; settings = {ASSET_TAGS = (); }; };
		34DA6E0F1BBB5E7C00B98030 /* BNCLinkCache.h in Headers */ = {isa = PBXBuildFile; fileRef = 34DA6DC31BBB5E7B00B98030 /* BNCLinkCache.h */; settings = {ASSET_TAGS = (); }; };
		34DA6E101BBB5E7C00B98030 /* BNCLinkCache.m in Sources */ = {isa = PBXBuildFile; fileRef = 34DA6DC41BBB5E7B00B98030 /* BNCLinkCache.m */; settings = {ASSET_TAGS = (); }; };
		34DA6E111BBB5E7C00B98030 /* BNCLinkData.h in Headers */ = {isa = PBXBuildFile; fileRef = 34DA6DC51BBB5E7B00B98030 /* BNCLinkData.h */; settings = {ASSET_TAGS = (); }; };
		34DA6E121BBB5E7C00B98030 /* BNCLinkData.m in Sources */ = {isa = PBXBuildFile; fileRef = 34DA6DC61BBB5E7B00B98030 /* BNCLinkData.m */; settings = {ASSET_TAGS = (); }; };
		34DA6E131BBB5E7C00B98030 /* BNCPreferenceHelper.h in Headers */ = {isa = PBXBuildFile; fileRef = 34DA6DC71BBB5E7B00B98030 /* BNCPreferenceHelper.h */; settings = {ASSET_TAGS = (); }; };
		34DA6E141BBB5E7C00B98030 /* BNCPreferenceHelper.m in Sources */ = {isa = PBXBuildFile; fileRef = 34DA6DC81BBB5E7B00B98030 /* BNCPreferenceHelper.m */; settings = {ASSET_TAGS = (); }; };
		34DA6E151BBB5E7C00B98030 /* BNCServerInterface.h in Headers */ = {isa = PBXBuildFile; fileRef = 34DA6DC91BBB5E7B00B98030 /* BNCServerInterface.h */; settings = {ASSET_TAGS = (); }; };
		34DA6E161BBB5E7C00B98030 /* BNCServerInterface.m in Sources */ = {isa = PBXBuildFile; fileRef = 34DA6DCA1BBB5E7B00B98030 /* BNCServerInterface.m */; settings = {ASSET_TAGS = (); }; };
		34DA6E171BBB5E7C00B98030 /* BNCServerRequestQueue.h in Headers */ = {isa = PBXBuildFile; fileRef = 34DA6DCB1BBB5E7B00B98030 /* BNCServerRequestQueue.h */; settings = {ASSET_TAGS = (); }; };
		34DA6E181BBB5E7C00B98030 /* BNCServerRequestQueue.m in Sources */ = {isa = PBXBuildFile; fileRef = 34DA6DCC1BBB5E7B00B98030 /* BNCServerRequestQueue.m */; settings = {ASSET_TAGS = (); }; };
		34DA6E191BBB5E7C00B98030 /* BNCServerResponse.h in Headers */ = {isa = PBXBuildFile; fileRef = 34DA6DCD1BBB5E7B00B98030 /* BNCServerResponse.h */; settings = {ASSET_TAGS = (); }; };
		34DA6E1A1BBB5E7C00B98030 /* BNCServerResponse.m in Sources */ = {isa = PBXBuildFile; fileRef = 34DA6DCE1BBB5E7B00B98030 /* BNCServerResponse.m */; settings = {ASSET_TAGS = (); }; };
		34DA6E1B1BBB5E7C00B98030 /* BNCStrongMatchHelper.h in Headers */ = {isa = PBXBuildFile; fileRef = 34DA6DCF1BBB5E7B00B98030 /* BNCStrongMatchHelper.h */; settings = {ASSET_TAGS = (); }; };
		34DA6E1C1BBB5E7C00B98030 /* BNCStrongMatchHelper.m in Sources */ = {isa = PBXBuildFile; fileRef = 34DA6DD01BBB5E7B00B98030 /* BNCStrongMatchHelper.m */; settings = {ASSET_TAGS = (); }; };
		34DA6E1D1BBB5E7C00B98030 /* BNCSystemObserver.h in Headers */ = {isa = PBXBuildFile; fileRef = 34DA6DD11BBB5E7B00B98030 /* BNCSystemObserver.h */; settings = {ASSET_TAGS = (); }; };
		34DA6E1E1BBB5E7C00B98030 /* BNCSystemObserver.m in Sources */ = {isa = PBXBuildFile; fileRef = 34DA6DD21BBB5E7B00B98030 /* BNCSystemObserver.m */; settings = {ASSET_TAGS = (); }; };
		34DA6E1F1BBB5E7C00B98030 /* Branch-SDK-Prefix.pch in Headers */ = {isa = PBXBuildFile; fileRef = 34DA6DD31BBB5E7B00B98030 /* Branch-SDK-Prefix.pch */; settings = {ASSET_TAGS = (); }; };
		34DA6E201BBB5E7C00B98030 /* Branch.h in Headers */ = {isa = PBXBuildFile; fileRef = 34DA6DD41BBB5E7B00B98030 /* Branch.h */; settings = {ASSET_TAGS = (); }; };
		34DA6E211BBB5E7C00B98030 /* Branch.m in Sources */ = {isa = PBXBuildFile; fileRef = 34DA6DD51BBB5E7B00B98030 /* Branch.m */; settings = {ASSET_TAGS = (); }; };
		34DA6E221BBB5E7C00B98030 /* BranchActivityItemProvider.h in Headers */ = {isa = PBXBuildFile; fileRef = 34DA6DD61BBB5E7B00B98030 /* BranchActivityItemProvider.h */; settings = {ASSET_TAGS = (); }; };
		34DA6E231BBB5E7C00B98030 /* BranchActivityItemProvider.m in Sources */ = {isa = PBXBuildFile; fileRef = 34DA6DD71BBB5E7B00B98030 /* BranchActivityItemProvider.m */; settings = {ASSET_TAGS = (); }; };
		34DA6E241BBB5E7C00B98030 /* BranchConstants.h in Headers */ = {isa = PBXBuildFile; fileRef = 34DA6DD81BBB5E7B00B98030 /* BranchConstants.h */; settings = {ASSET_TAGS = (); }; };
		34DA6E251BBB5E7C00B98030 /* BranchConstants.m in Sources */ = {isa = PBXBuildFile; fileRef = 34DA6DD91BBB5E7B00B98030 /* BranchConstants.m */; settings = {ASSET_TAGS = (); }; };
		34DA6E261BBB5E7C00B98030 /* BranchCSSearchableItemAttributeSet.h in Headers */ = {isa = PBXBuildFile; fileRef = 34DA6DDA1BBB5E7B00B98030 /* BranchCSSearchableItemAttributeSet.h */; settings = {ASSET_TAGS = (); }; };
		34DA6E271BBB5E7C00B98030 /* BranchCSSearchableItemAttributeSet.m in Sources */ = {isa = PBXBuildFile; fileRef = 34DA6DDB1BBB5E7B00B98030 /* BranchCSSearchableItemAttributeSet.m */; settings = {ASSET_TAGS = (); }; };
		34DA6E281BBB5E7C00B98030 /* BranchDeepLinkingController.h in Headers */ = {isa = PBXBuildFile; fileRef = 34DA6DDC1BBB5E7B00B98030 /* BranchDeepLinkingController.h */; settings = {ASSET_TAGS = (); }; };
		34DA6E291BBB5E7C00B98030 /* BNCDebugRequest.h in Headers */ = {isa = PBXBuildFile; fileRef = 34DA6DDE1BBB5E7B00B98030 /* BNCDebugRequest.h */; settings = {ASSET_TAGS = (); }; };
		34DA6E2A1BBB5E7C00B98030 /* BNCDebugRequest.m in Sources */ = {isa = PBXBuildFile; fileRef = 34DA6DDF1BBB5E7B00B98030 /* BNCDebugRequest.m */; settings = {ASSET_TAGS = (); }; };
		34DA6E2B1BBB5E7C00B98030 /* BNCServerRequest.h in Headers */ = {isa = PBXBuildFile; fileRef = 34DA6DE01BBB5E7B00B98030 /* BNCServerRequest.h */; settings = {ASSET_TAGS = (); }; };
		34DA6E2C1BBB5E7C00B98030 /* BNCServerRequest.m in Sources */ = {isa = PBXBuildFile; fileRef = 34DA6DE11BBB5E7B00B98030 /* BNCServerRequest.m */; settings = {ASSET_TAGS = (); }; };
		34DA6E2D1BBB5E7C00B98030 /* BranchApplyPromoCodeRequest.h in Headers */ = {isa = PBXBuildFile; fileRef = 34DA6DE21BBB5E7B00B98030 /* BranchApplyPromoCodeRequest.h */; settings = {ASSET_TAGS = (); }; };
		34DA6E2E1BBB5E7C00B98030 /* BranchApplyPromoCodeRequest.m in Sources */ = {isa = PBXBuildFile; fileRef = 34DA6DE31BBB5E7B00B98030 /* BranchApplyPromoCodeRequest.m */; settings = {ASSET_TAGS = (); }; };
		34DA6E2F1BBB5E7C00B98030 /* BranchCloseRequest.h in Headers */ = {isa = PBXBuildFile; fileRef = 34DA6DE41BBB5E7B00B98030 /* BranchCloseRequest.h */; settings = {ASSET_TAGS = (); }; };
		34DA6E301BBB5E7C00B98030 /* BranchCloseRequest.m in Sources */ = {isa = PBXBuildFile; fileRef = 34DA6DE51BBB5E7B00B98030 /* BranchCloseRequest.m */; settings = {ASSET_TAGS = (); }; };
		34DA6E311BBB5E7C00B98030 /* BranchConnectDebugRequest.h in Headers */ = {isa = PBXBuildFile; fileRef = 34DA6DE61BBB5E7B00B98030 /* BranchConnectDebugRequest.h */; settings = {ASSET_TAGS = (); }; };
		34DA6E321BBB5E7C00B98030 /* BranchConnectDebugRequest.m in Sources */ = {isa = PBXBuildFile; fileRef = 34DA6DE71BBB5E7B00B98030 /* BranchConnectDebugRequest.m */; settings = {ASSET_TAGS = (); }; };
		34DA6E331BBB5E7C00B98030 /* BranchCreditHistoryRequest.h in Headers */ = {isa = PBXBuildFile; fileRef = 34DA6DE81BBB5E7B00B98030 /* BranchCreditHistoryRequest.h */; settings = {ASSET_TAGS = (); }; };
		34DA6E341BBB5E7C00B98030 /* BranchCreditHistoryRequest.m in Sources */ = {isa = PBXBuildFile; fileRef = 34DA6DE91BBB5E7B00B98030 /* BranchCreditHistoryRequest.m */; settings = {ASSET_TAGS = (); }; };
		34DA6E351BBB5E7C00B98030 /* BranchDisconnectDebugRequest.h in Headers */ = {isa = PBXBuildFile; fileRef = 34DA6DEA1BBB5E7B00B98030 /* BranchDisconnectDebugRequest.h */; settings = {ASSET_TAGS = (); }; };
		34DA6E361BBB5E7C00B98030 /* BranchDisconnectDebugRequest.m in Sources */ = {isa = PBXBuildFile; fileRef = 34DA6DEB1BBB5E7B00B98030 /* BranchDisconnectDebugRequest.m */; settings = {ASSET_TAGS = (); }; };
		34DA6E371BBB5E7C00B98030 /* BranchGetPromoCodeRequest.h in Headers */ = {isa = PBXBuildFile; fileRef = 34DA6DEC1BBB5E7B00B98030 /* BranchGetPromoCodeRequest.h */; settings = {ASSET_TAGS = (); }; };
		34DA6E381BBB5E7C00B98030 /* BranchGetPromoCodeRequest.m in Sources */ = {isa = PBXBuildFile; fileRef = 34DA6DED1BBB5E7B00B98030 /* BranchGetPromoCodeRequest.m */; settings = {ASSET_TAGS = (); }; };
		34DA6E391BBB5E7C00B98030 /* BranchInstallRequest.h in Headers */ = {isa = PBXBuildFile; fileRef = 34DA6DEE1BBB5E7B00B98030 /* BranchInstallRequest.h */; settings = {ASSET_TAGS = (); }; };
		34DA6E3A1BBB5E7C00B98030 /* BranchInstallRequest.m in Sources */ = {isa = PBXBuildFile; fileRef = 34DA6DEF1BBB5E7B00B98030 /* BranchInstallRequest.m */; settings = {ASSET_TAGS = (); }; };
		34DA6E3B1BBB5E7C00B98030 /* BranchLoadActionsRequest.h in Headers */ = {isa = PBXBuildFile; fileRef = 34DA6DF01BBB5E7B00B98030 /* BranchLoadActionsRequest.h */; settings = {ASSET_TAGS = (); }; };
		34DA6E3C1BBB5E7C00B98030 /* BranchLoadActionsRequest.m in Sources */ = {isa = PBXBuildFile; fileRef = 34DA6DF11BBB5E7B00B98030 /* BranchLoadActionsRequest.m */; settings = {ASSET_TAGS = (); }; };
		34DA6E3D1BBB5E7C00B98030 /* BranchLoadRewardsRequest.h in Headers */ = {isa = PBXBuildFile; fileRef = 34DA6DF21BBB5E7B00B98030 /* BranchLoadRewardsRequest.h */; settings = {ASSET_TAGS = (); }; };
		34DA6E3E1BBB5E7C00B98030 /* BranchLoadRewardsRequest.m in Sources */ = {isa = PBXBuildFile; fileRef = 34DA6DF31BBB5E7B00B98030 /* BranchLoadRewardsRequest.m */; settings = {ASSET_TAGS = (); }; };
		34DA6E3F1BBB5E7C00B98030 /* BranchLogoutRequest.h in Headers */ = {isa = PBXBuildFile; fileRef = 34DA6DF41BBB5E7B00B98030 /* BranchLogoutRequest.h */; settings = {ASSET_TAGS = (); }; };
		34DA6E401BBB5E7C00B98030 /* BranchLogoutRequest.m in Sources */ = {isa = PBXBuildFile; fileRef = 34DA6DF51BBB5E7B00B98030 /* BranchLogoutRequest.m */; settings = {ASSET_TAGS = (); }; };
		34DA6E411BBB5E7C00B98030 /* BranchLogRequest.h in Headers */ = {isa = PBXBuildFile; fileRef = 34DA6DF61BBB5E7B00B98030 /* BranchLogRequest.h */; settings = {ASSET_TAGS = (); }; };
		34DA6E421BBB5E7C00B98030 /* BranchLogRequest.m in Sources */ = {isa = PBXBuildFile; fileRef = 34DA6DF71BBB5E7B00B98030 /* BranchLogRequest.m */; settings = {ASSET_TAGS = (); }; };
		34DA6E431BBB5E7C00B98030 /* BranchOpenRequest.h in Headers */ = {isa = PBXBuildFile; fileRef = 34DA6DF81BBB5E7B00B98030 /* BranchOpenRequest.h */; settings = {ASSET_TAGS = (); }; };
		34DA6E441BBB5E7C00B98030 /* BranchOpenRequest.m in Sources */ = {isa = PBXBuildFile; fileRef = 34DA6DF91BBB5E7B00B98030 /* BranchOpenRequest.m */; settings = {ASSET_TAGS = (); }; };
		34DA6E451BBB5E7C00B98030 /* BranchRedeemRewardsRequest.h in Headers */ = {isa = PBXBuildFile; fileRef = 34DA6DFA1BBB5E7B00B98030 /* BranchRedeemRewardsRequest.h */; settings = {ASSET_TAGS = (); }; };
		34DA6E461BBB5E7C00B98030 /* BranchRedeemRewardsRequest.m in Sources */ = {isa = PBXBuildFile; fileRef = 34DA6DFB1BBB5E7B00B98030 /* BranchRedeemRewardsRequest.m */; settings = {ASSET_TAGS = (); }; };
		34DA6E471BBB5E7C00B98030 /* BranchSetIdentityRequest.h in Headers */ = {isa = PBXBuildFile; fileRef = 34DA6DFC1BBB5E7B00B98030 /* BranchSetIdentityRequest.h */; settings = {ASSET_TAGS = (); }; };
		34DA6E481BBB5E7C00B98030 /* BranchSetIdentityRequest.m in Sources */ = {isa = PBXBuildFile; fileRef = 34DA6DFD1BBB5E7B00B98030 /* BranchSetIdentityRequest.m */; settings = {ASSET_TAGS = (); }; };
		34DA6E491BBB5E7C00B98030 /* BranchShortUrlRequest.h in Headers */ = {isa = PBXBuildFile; fileRef = 34DA6DFE1BBB5E7B00B98030 /* BranchShortUrlRequest.h */; settings = {ASSET_TAGS = (); }; };
		34DA6E4A1BBB5E7C00B98030 /* BranchShortUrlRequest.m in Sources */ = {isa = PBXBuildFile; fileRef = 34DA6DFF1BBB5E7B00B98030 /* BranchShortUrlRequest.m */; settings = {ASSET_TAGS = (); }; };
		34DA6E4B1BBB5E7C00B98030 /* BranchShortUrlSyncRequest.h in Headers */ = {isa = PBXBuildFile; fileRef = 34DA6E001BBB5E7B00B98030 /* BranchShortUrlSyncRequest.h */; settings = {ASSET_TAGS = (); }; };
		34DA6E4C1BBB5E7C00B98030 /* BranchShortUrlSyncRequest.m in Sources */ = {isa = PBXBuildFile; fileRef = 34DA6E011BBB5E7B00B98030 /* BranchShortUrlSyncRequest.m */; settings = {ASSET_TAGS = (); }; };
		34DA6E4D1BBB5E7C00B98030 /* BranchSpotlightUrlRequest.h in Headers */ = {isa = PBXBuildFile; fileRef = 34DA6E021BBB5E7B00B98030 /* BranchSpotlightUrlRequest.h */; settings = {ASSET_TAGS = (); }; };
		34DA6E4E1BBB5E7C00B98030 /* BranchSpotlightUrlRequest.m in Sources */ = {isa = PBXBuildFile; fileRef = 34DA6E031BBB5E7B00B98030 /* BranchSpotlightUrlRequest.m */; settings = {ASSET_TAGS = (); }; };
		34DA6E4F1BBB5E7C00B98030 /* BranchUserCompletedActionRequest.h in Headers */ = {isa = PBXBuildFile; fileRef = 34DA6E041BBB5E7B00B98030 /* BranchUserCompletedActionRequest.h */; settings = {ASSET_TAGS = (); }; };
		34DA6E501BBB5E7C00B98030 /* BranchUserCompletedActionRequest.m in Sources */ = {isa = PBXBuildFile; fileRef = 34DA6E051BBB5E7B00B98030 /* BranchUserCompletedActionRequest.m */; settings = {ASSET_TAGS = (); }; };
		34DA6E511BBB5E7C00B98030 /* BranchValidatePromoCodeRequest.h in Headers */ = {isa = PBXBuildFile; fileRef = 34DA6E061BBB5E7B00B98030 /* BranchValidatePromoCodeRequest.h */; settings = {ASSET_TAGS = (); }; };
		34DA6E521BBB5E7C00B98030 /* BranchValidatePromoCodeRequest.m in Sources */ = {isa = PBXBuildFile; fileRef = 34DA6E071BBB5E7B00B98030 /* BranchValidatePromoCodeRequest.m */; settings = {ASSET_TAGS = (); }; };
		670016321940F4EC00A9E103 /* Foundation.framework in Frameworks */ = {isa = PBXBuildFile; fileRef = 670016311940F4EC00A9E103 /* Foundation.framework */; };
		673B442F195A3F9C005991DE /* UIKit.framework in Frameworks */ = {isa = PBXBuildFile; fileRef = 673B442E195A3F9C005991DE /* UIKit.framework */; };
		6782963C19ACE576009833D7 /* AdSupport.framework in Frameworks */ = {isa = PBXBuildFile; fileRef = 6782963B19ACE576009833D7 /* AdSupport.framework */; };
/* End PBXBuildFile section */

/* Begin PBXCopyFilesBuildPhase section */
		6700162C1940F4EC00A9E103 /* CopyFiles */ = {
			isa = PBXCopyFilesBuildPhase;
			buildActionMask = 2147483647;
			dstPath = "include/$(PRODUCT_NAME)";
			dstSubfolderSpec = 16;
			files = (
			);
			runOnlyForDeploymentPostprocessing = 0;
		};
/* End PBXCopyFilesBuildPhase section */

/* Begin PBXFileReference section */
		34DA6DBC1BBB5E7B00B98030 /* BNCConfig.h */ = {isa = PBXFileReference; fileEncoding = 4; lastKnownFileType = sourcecode.c.h; path = BNCConfig.h; sourceTree = "<group>"; };
		34DA6DBD1BBB5E7B00B98030 /* BNCContentDiscoveryManager.h */ = {isa = PBXFileReference; fileEncoding = 4; lastKnownFileType = sourcecode.c.h; path = BNCContentDiscoveryManager.h; sourceTree = "<group>"; };
		34DA6DBE1BBB5E7B00B98030 /* BNCContentDiscoveryManager.m */ = {isa = PBXFileReference; fileEncoding = 4; lastKnownFileType = sourcecode.c.objc; path = BNCContentDiscoveryManager.m; sourceTree = "<group>"; };
		34DA6DBF1BBB5E7B00B98030 /* BNCEncodingUtils.h */ = {isa = PBXFileReference; fileEncoding = 4; lastKnownFileType = sourcecode.c.h; path = BNCEncodingUtils.h; sourceTree = "<group>"; };
		34DA6DC01BBB5E7B00B98030 /* BNCEncodingUtils.m */ = {isa = PBXFileReference; fileEncoding = 4; lastKnownFileType = sourcecode.c.objc; path = BNCEncodingUtils.m; sourceTree = "<group>"; };
		34DA6DC11BBB5E7B00B98030 /* BNCError.h */ = {isa = PBXFileReference; fileEncoding = 4; lastKnownFileType = sourcecode.c.h; path = BNCError.h; sourceTree = "<group>"; };
		34DA6DC21BBB5E7B00B98030 /* BNCError.m */ = {isa = PBXFileReference; fileEncoding = 4; lastKnownFileType = sourcecode.c.objc; path = BNCError.m; sourceTree = "<group>"; };
		34DA6DC31BBB5E7B00B98030 /* BNCLinkCache.h */ = {isa = PBXFileReference; fileEncoding = 4; lastKnownFileType = sourcecode.c.h; path = BNCLinkCache.h; sourceTree = "<group>"; };
		34DA6DC41BBB5E7B00B98030 /* BNCLinkCache.m */ = {isa = PBXFileReference; fileEncoding = 4; lastKnownFileType = sourcecode.c.objc; path = BNCLinkCache.m; sourceTree = "<group>"; };
		34DA6DC51BBB5E7B00B98030 /* BNCLinkData.h */ = {isa = PBXFileReference; fileEncoding = 4; lastKnownFileType = sourcecode.c.h; path = BNCLinkData.h; sourceTree = "<group>"; };
		34DA6DC61BBB5E7B00B98030 /* BNCLinkData.m */ = {isa = PBXFileReference; fileEncoding = 4; lastKnownFileType = sourcecode.c.objc; path = BNCLinkData.m; sourceTree = "<group>"; };
		34DA6DC71BBB5E7B00B98030 /* BNCPreferenceHelper.h */ = {isa = PBXFileReference; fileEncoding = 4; lastKnownFileType = sourcecode.c.h; path = BNCPreferenceHelper.h; sourceTree = "<group>"; };
		34DA6DC81BBB5E7B00B98030 /* BNCPreferenceHelper.m */ = {isa = PBXFileReference; fileEncoding = 4; lastKnownFileType = sourcecode.c.objc; path = BNCPreferenceHelper.m; sourceTree = "<group>"; };
		34DA6DC91BBB5E7B00B98030 /* BNCServerInterface.h */ = {isa = PBXFileReference; fileEncoding = 4; lastKnownFileType = sourcecode.c.h; path = BNCServerInterface.h; sourceTree = "<group>"; };
		34DA6DCA1BBB5E7B00B98030 /* BNCServerInterface.m */ = {isa = PBXFileReference; fileEncoding = 4; lastKnownFileType = sourcecode.c.objc; path = BNCServerInterface.m; sourceTree = "<group>"; };
		34DA6DCB1BBB5E7B00B98030 /* BNCServerRequestQueue.h */ = {isa = PBXFileReference; fileEncoding = 4; lastKnownFileType = sourcecode.c.h; path = BNCServerRequestQueue.h; sourceTree = "<group>"; };
		34DA6DCC1BBB5E7B00B98030 /* BNCServerRequestQueue.m */ = {isa = PBXFileReference; fileEncoding = 4; lastKnownFileType = sourcecode.c.objc; path = BNCServerRequestQueue.m; sourceTree = "<group>"; };
		34DA6DCD1BBB5E7B00B98030 /* BNCServerResponse.h */ = {isa = PBXFileReference; fileEncoding = 4; lastKnownFileType = sourcecode.c.h; path = BNCServerResponse.h; sourceTree = "<group>"; };
		34DA6DCE1BBB5E7B00B98030 /* BNCServerResponse.m */ = {isa = PBXFileReference; fileEncoding = 4; lastKnownFileType = sourcecode.c.objc; path = BNCServerResponse.m; sourceTree = "<group>"; };
		34DA6DCF1BBB5E7B00B98030 /* BNCStrongMatchHelper.h */ = {isa = PBXFileReference; fileEncoding = 4; lastKnownFileType = sourcecode.c.h; path = BNCStrongMatchHelper.h; sourceTree = "<group>"; };
		34DA6DD01BBB5E7B00B98030 /* BNCStrongMatchHelper.m */ = {isa = PBXFileReference; fileEncoding = 4; lastKnownFileType = sourcecode.c.objc; path = BNCStrongMatchHelper.m; sourceTree = "<group>"; };
		34DA6DD11BBB5E7B00B98030 /* BNCSystemObserver.h */ = {isa = PBXFileReference; fileEncoding = 4; lastKnownFileType = sourcecode.c.h; path = BNCSystemObserver.h; sourceTree = "<group>"; };
		34DA6DD21BBB5E7B00B98030 /* BNCSystemObserver.m */ = {isa = PBXFileReference; fileEncoding = 4; lastKnownFileType = sourcecode.c.objc; path = BNCSystemObserver.m; sourceTree = "<group>"; };
		34DA6DD31BBB5E7B00B98030 /* Branch-SDK-Prefix.pch */ = {isa = PBXFileReference; fileEncoding = 4; lastKnownFileType = sourcecode.c.h; path = "Branch-SDK-Prefix.pch"; sourceTree = "<group>"; };
		34DA6DD41BBB5E7B00B98030 /* Branch.h */ = {isa = PBXFileReference; fileEncoding = 4; lastKnownFileType = sourcecode.c.h; path = Branch.h; sourceTree = "<group>"; };
		34DA6DD51BBB5E7B00B98030 /* Branch.m */ = {isa = PBXFileReference; fileEncoding = 4; lastKnownFileType = sourcecode.c.objc; path = Branch.m; sourceTree = "<group>"; };
		34DA6DD61BBB5E7B00B98030 /* BranchActivityItemProvider.h */ = {isa = PBXFileReference; fileEncoding = 4; lastKnownFileType = sourcecode.c.h; path = BranchActivityItemProvider.h; sourceTree = "<group>"; };
		34DA6DD71BBB5E7B00B98030 /* BranchActivityItemProvider.m */ = {isa = PBXFileReference; fileEncoding = 4; lastKnownFileType = sourcecode.c.objc; path = BranchActivityItemProvider.m; sourceTree = "<group>"; };
		34DA6DD81BBB5E7B00B98030 /* BranchConstants.h */ = {isa = PBXFileReference; fileEncoding = 4; lastKnownFileType = sourcecode.c.h; path = BranchConstants.h; sourceTree = "<group>"; };
		34DA6DD91BBB5E7B00B98030 /* BranchConstants.m */ = {isa = PBXFileReference; fileEncoding = 4; lastKnownFileType = sourcecode.c.objc; path = BranchConstants.m; sourceTree = "<group>"; };
		34DA6DDA1BBB5E7B00B98030 /* BranchCSSearchableItemAttributeSet.h */ = {isa = PBXFileReference; fileEncoding = 4; lastKnownFileType = sourcecode.c.h; path = BranchCSSearchableItemAttributeSet.h; sourceTree = "<group>"; };
		34DA6DDB1BBB5E7B00B98030 /* BranchCSSearchableItemAttributeSet.m */ = {isa = PBXFileReference; fileEncoding = 4; lastKnownFileType = sourcecode.c.objc; path = BranchCSSearchableItemAttributeSet.m; sourceTree = "<group>"; };
		34DA6DDC1BBB5E7B00B98030 /* BranchDeepLinkingController.h */ = {isa = PBXFileReference; fileEncoding = 4; lastKnownFileType = sourcecode.c.h; path = BranchDeepLinkingController.h; sourceTree = "<group>"; };
		34DA6DDE1BBB5E7B00B98030 /* BNCDebugRequest.h */ = {isa = PBXFileReference; fileEncoding = 4; lastKnownFileType = sourcecode.c.h; path = BNCDebugRequest.h; sourceTree = "<group>"; };
		34DA6DDF1BBB5E7B00B98030 /* BNCDebugRequest.m */ = {isa = PBXFileReference; fileEncoding = 4; lastKnownFileType = sourcecode.c.objc; path = BNCDebugRequest.m; sourceTree = "<group>"; };
		34DA6DE01BBB5E7B00B98030 /* BNCServerRequest.h */ = {isa = PBXFileReference; fileEncoding = 4; lastKnownFileType = sourcecode.c.h; path = BNCServerRequest.h; sourceTree = "<group>"; };
		34DA6DE11BBB5E7B00B98030 /* BNCServerRequest.m */ = {isa = PBXFileReference; fileEncoding = 4; lastKnownFileType = sourcecode.c.objc; path = BNCServerRequest.m; sourceTree = "<group>"; };
		34DA6DE21BBB5E7B00B98030 /* BranchApplyPromoCodeRequest.h */ = {isa = PBXFileReference; fileEncoding = 4; lastKnownFileType = sourcecode.c.h; path = BranchApplyPromoCodeRequest.h; sourceTree = "<group>"; };
		34DA6DE31BBB5E7B00B98030 /* BranchApplyPromoCodeRequest.m */ = {isa = PBXFileReference; fileEncoding = 4; lastKnownFileType = sourcecode.c.objc; path = BranchApplyPromoCodeRequest.m; sourceTree = "<group>"; };
		34DA6DE41BBB5E7B00B98030 /* BranchCloseRequest.h */ = {isa = PBXFileReference; fileEncoding = 4; lastKnownFileType = sourcecode.c.h; path = BranchCloseRequest.h; sourceTree = "<group>"; };
		34DA6DE51BBB5E7B00B98030 /* BranchCloseRequest.m */ = {isa = PBXFileReference; fileEncoding = 4; lastKnownFileType = sourcecode.c.objc; path = BranchCloseRequest.m; sourceTree = "<group>"; };
		34DA6DE61BBB5E7B00B98030 /* BranchConnectDebugRequest.h */ = {isa = PBXFileReference; fileEncoding = 4; lastKnownFileType = sourcecode.c.h; path = BranchConnectDebugRequest.h; sourceTree = "<group>"; };
		34DA6DE71BBB5E7B00B98030 /* BranchConnectDebugRequest.m */ = {isa = PBXFileReference; fileEncoding = 4; lastKnownFileType = sourcecode.c.objc; path = BranchConnectDebugRequest.m; sourceTree = "<group>"; };
		34DA6DE81BBB5E7B00B98030 /* BranchCreditHistoryRequest.h */ = {isa = PBXFileReference; fileEncoding = 4; lastKnownFileType = sourcecode.c.h; path = BranchCreditHistoryRequest.h; sourceTree = "<group>"; };
		34DA6DE91BBB5E7B00B98030 /* BranchCreditHistoryRequest.m */ = {isa = PBXFileReference; fileEncoding = 4; lastKnownFileType = sourcecode.c.objc; path = BranchCreditHistoryRequest.m; sourceTree = "<group>"; };
		34DA6DEA1BBB5E7B00B98030 /* BranchDisconnectDebugRequest.h */ = {isa = PBXFileReference; fileEncoding = 4; lastKnownFileType = sourcecode.c.h; path = BranchDisconnectDebugRequest.h; sourceTree = "<group>"; };
		34DA6DEB1BBB5E7B00B98030 /* BranchDisconnectDebugRequest.m */ = {isa = PBXFileReference; fileEncoding = 4; lastKnownFileType = sourcecode.c.objc; path = BranchDisconnectDebugRequest.m; sourceTree = "<group>"; };
		34DA6DEC1BBB5E7B00B98030 /* BranchGetPromoCodeRequest.h */ = {isa = PBXFileReference; fileEncoding = 4; lastKnownFileType = sourcecode.c.h; path = BranchGetPromoCodeRequest.h; sourceTree = "<group>"; };
		34DA6DED1BBB5E7B00B98030 /* BranchGetPromoCodeRequest.m */ = {isa = PBXFileReference; fileEncoding = 4; lastKnownFileType = sourcecode.c.objc; path = BranchGetPromoCodeRequest.m; sourceTree = "<group>"; };
		34DA6DEE1BBB5E7B00B98030 /* BranchInstallRequest.h */ = {isa = PBXFileReference; fileEncoding = 4; lastKnownFileType = sourcecode.c.h; path = BranchInstallRequest.h; sourceTree = "<group>"; };
		34DA6DEF1BBB5E7B00B98030 /* BranchInstallRequest.m */ = {isa = PBXFileReference; fileEncoding = 4; lastKnownFileType = sourcecode.c.objc; path = BranchInstallRequest.m; sourceTree = "<group>"; };
		34DA6DF01BBB5E7B00B98030 /* BranchLoadActionsRequest.h */ = {isa = PBXFileReference; fileEncoding = 4; lastKnownFileType = sourcecode.c.h; path = BranchLoadActionsRequest.h; sourceTree = "<group>"; };
		34DA6DF11BBB5E7B00B98030 /* BranchLoadActionsRequest.m */ = {isa = PBXFileReference; fileEncoding = 4; lastKnownFileType = sourcecode.c.objc; path = BranchLoadActionsRequest.m; sourceTree = "<group>"; };
		34DA6DF21BBB5E7B00B98030 /* BranchLoadRewardsRequest.h */ = {isa = PBXFileReference; fileEncoding = 4; lastKnownFileType = sourcecode.c.h; path = BranchLoadRewardsRequest.h; sourceTree = "<group>"; };
		34DA6DF31BBB5E7B00B98030 /* BranchLoadRewardsRequest.m */ = {isa = PBXFileReference; fileEncoding = 4; lastKnownFileType = sourcecode.c.objc; path = BranchLoadRewardsRequest.m; sourceTree = "<group>"; };
		34DA6DF41BBB5E7B00B98030 /* BranchLogoutRequest.h */ = {isa = PBXFileReference; fileEncoding = 4; lastKnownFileType = sourcecode.c.h; path = BranchLogoutRequest.h; sourceTree = "<group>"; };
		34DA6DF51BBB5E7B00B98030 /* BranchLogoutRequest.m */ = {isa = PBXFileReference; fileEncoding = 4; lastKnownFileType = sourcecode.c.objc; path = BranchLogoutRequest.m; sourceTree = "<group>"; };
		34DA6DF61BBB5E7B00B98030 /* BranchLogRequest.h */ = {isa = PBXFileReference; fileEncoding = 4; lastKnownFileType = sourcecode.c.h; path = BranchLogRequest.h; sourceTree = "<group>"; };
		34DA6DF71BBB5E7B00B98030 /* BranchLogRequest.m */ = {isa = PBXFileReference; fileEncoding = 4; lastKnownFileType = sourcecode.c.objc; path = BranchLogRequest.m; sourceTree = "<group>"; };
		34DA6DF81BBB5E7B00B98030 /* BranchOpenRequest.h */ = {isa = PBXFileReference; fileEncoding = 4; lastKnownFileType = sourcecode.c.h; path = BranchOpenRequest.h; sourceTree = "<group>"; };
		34DA6DF91BBB5E7B00B98030 /* BranchOpenRequest.m */ = {isa = PBXFileReference; fileEncoding = 4; lastKnownFileType = sourcecode.c.objc; path = BranchOpenRequest.m; sourceTree = "<group>"; };
		34DA6DFA1BBB5E7B00B98030 /* BranchRedeemRewardsRequest.h */ = {isa = PBXFileReference; fileEncoding = 4; lastKnownFileType = sourcecode.c.h; path = BranchRedeemRewardsRequest.h; sourceTree = "<group>"; };
		34DA6DFB1BBB5E7B00B98030 /* BranchRedeemRewardsRequest.m */ = {isa = PBXFileReference; fileEncoding = 4; lastKnownFileType = sourcecode.c.objc; path = BranchRedeemRewardsRequest.m; sourceTree = "<group>"; };
		34DA6DFC1BBB5E7B00B98030 /* BranchSetIdentityRequest.h */ = {isa = PBXFileReference; fileEncoding = 4; lastKnownFileType = sourcecode.c.h; path = BranchSetIdentityRequest.h; sourceTree = "<group>"; };
		34DA6DFD1BBB5E7B00B98030 /* BranchSetIdentityRequest.m */ = {isa = PBXFileReference; fileEncoding = 4; lastKnownFileType = sourcecode.c.objc; path = BranchSetIdentityRequest.m; sourceTree = "<group>"; };
		34DA6DFE1BBB5E7B00B98030 /* BranchShortUrlRequest.h */ = {isa = PBXFileReference; fileEncoding = 4; lastKnownFileType = sourcecode.c.h; path = BranchShortUrlRequest.h; sourceTree = "<group>"; };
		34DA6DFF1BBB5E7B00B98030 /* BranchShortUrlRequest.m */ = {isa = PBXFileReference; fileEncoding = 4; lastKnownFileType = sourcecode.c.objc; path = BranchShortUrlRequest.m; sourceTree = "<group>"; };
		34DA6E001BBB5E7B00B98030 /* BranchShortUrlSyncRequest.h */ = {isa = PBXFileReference; fileEncoding = 4; lastKnownFileType = sourcecode.c.h; path = BranchShortUrlSyncRequest.h; sourceTree = "<group>"; };
		34DA6E011BBB5E7B00B98030 /* BranchShortUrlSyncRequest.m */ = {isa = PBXFileReference; fileEncoding = 4; lastKnownFileType = sourcecode.c.objc; path = BranchShortUrlSyncRequest.m; sourceTree = "<group>"; };
		34DA6E021BBB5E7B00B98030 /* BranchSpotlightUrlRequest.h */ = {isa = PBXFileReference; fileEncoding = 4; lastKnownFileType = sourcecode.c.h; path = BranchSpotlightUrlRequest.h; sourceTree = "<group>"; };
		34DA6E031BBB5E7B00B98030 /* BranchSpotlightUrlRequest.m */ = {isa = PBXFileReference; fileEncoding = 4; lastKnownFileType = sourcecode.c.objc; path = BranchSpotlightUrlRequest.m; sourceTree = "<group>"; };
		34DA6E041BBB5E7B00B98030 /* BranchUserCompletedActionRequest.h */ = {isa = PBXFileReference; fileEncoding = 4; lastKnownFileType = sourcecode.c.h; path = BranchUserCompletedActionRequest.h; sourceTree = "<group>"; };
		34DA6E051BBB5E7B00B98030 /* BranchUserCompletedActionRequest.m */ = {isa = PBXFileReference; fileEncoding = 4; lastKnownFileType = sourcecode.c.objc; path = BranchUserCompletedActionRequest.m; sourceTree = "<group>"; };
		34DA6E061BBB5E7B00B98030 /* BranchValidatePromoCodeRequest.h */ = {isa = PBXFileReference; fileEncoding = 4; lastKnownFileType = sourcecode.c.h; path = BranchValidatePromoCodeRequest.h; sourceTree = "<group>"; };
		34DA6E071BBB5E7B00B98030 /* BranchValidatePromoCodeRequest.m */ = {isa = PBXFileReference; fileEncoding = 4; lastKnownFileType = sourcecode.c.objc; path = BranchValidatePromoCodeRequest.m; sourceTree = "<group>"; };
		6700162E1940F4EC00A9E103 /* libBranch-SDK.a */ = {isa = PBXFileReference; explicitFileType = archive.ar; includeInIndex = 0; path = "libBranch-SDK.a"; sourceTree = BUILT_PRODUCTS_DIR; };
		670016311940F4EC00A9E103 /* Foundation.framework */ = {isa = PBXFileReference; lastKnownFileType = wrapper.framework; name = Foundation.framework; path = System/Library/Frameworks/Foundation.framework; sourceTree = SDKROOT; };
		670016351940F4EC00A9E103 /* Branch-SDK-Prefix.pch */ = {isa = PBXFileReference; lastKnownFileType = sourcecode.c.h; path = "Branch-SDK-Prefix.pch"; sourceTree = "<group>"; };
		673B442E195A3F9C005991DE /* UIKit.framework */ = {isa = PBXFileReference; lastKnownFileType = wrapper.framework; name = UIKit.framework; path = System/Library/Frameworks/UIKit.framework; sourceTree = SDKROOT; };
		6782963B19ACE576009833D7 /* AdSupport.framework */ = {isa = PBXFileReference; lastKnownFileType = wrapper.framework; name = AdSupport.framework; path = System/Library/Frameworks/AdSupport.framework; sourceTree = SDKROOT; };
/* End PBXFileReference section */

/* Begin PBXFrameworksBuildPhase section */
		6700162B1940F4EC00A9E103 /* Frameworks */ = {
			isa = PBXFrameworksBuildPhase;
			buildActionMask = 2147483647;
			files = (
				6782963C19ACE576009833D7 /* AdSupport.framework in Frameworks */,
				673B442F195A3F9C005991DE /* UIKit.framework in Frameworks */,
				670016321940F4EC00A9E103 /* Foundation.framework in Frameworks */,
			);
			runOnlyForDeploymentPostprocessing = 0;
		};
/* End PBXFrameworksBuildPhase section */

/* Begin PBXGroup section */
		34DA6DDD1BBB5E7B00B98030 /* Requests */ = {
			isa = PBXGroup;
			children = (
				34DA6DDE1BBB5E7B00B98030 /* BNCDebugRequest.h */,
				34DA6DDF1BBB5E7B00B98030 /* BNCDebugRequest.m */,
				34DA6DE01BBB5E7B00B98030 /* BNCServerRequest.h */,
				34DA6DE11BBB5E7B00B98030 /* BNCServerRequest.m */,
				34DA6DE21BBB5E7B00B98030 /* BranchApplyPromoCodeRequest.h */,
				34DA6DE31BBB5E7B00B98030 /* BranchApplyPromoCodeRequest.m */,
				34DA6DE41BBB5E7B00B98030 /* BranchCloseRequest.h */,
				34DA6DE51BBB5E7B00B98030 /* BranchCloseRequest.m */,
				34DA6DE61BBB5E7B00B98030 /* BranchConnectDebugRequest.h */,
				34DA6DE71BBB5E7B00B98030 /* BranchConnectDebugRequest.m */,
				34DA6DE81BBB5E7B00B98030 /* BranchCreditHistoryRequest.h */,
				34DA6DE91BBB5E7B00B98030 /* BranchCreditHistoryRequest.m */,
				34DA6DEA1BBB5E7B00B98030 /* BranchDisconnectDebugRequest.h */,
				34DA6DEB1BBB5E7B00B98030 /* BranchDisconnectDebugRequest.m */,
				34DA6DEC1BBB5E7B00B98030 /* BranchGetPromoCodeRequest.h */,
				34DA6DED1BBB5E7B00B98030 /* BranchGetPromoCodeRequest.m */,
				34DA6DEE1BBB5E7B00B98030 /* BranchInstallRequest.h */,
				34DA6DEF1BBB5E7B00B98030 /* BranchInstallRequest.m */,
				34DA6DF01BBB5E7B00B98030 /* BranchLoadActionsRequest.h */,
				34DA6DF11BBB5E7B00B98030 /* BranchLoadActionsRequest.m */,
				34DA6DF21BBB5E7B00B98030 /* BranchLoadRewardsRequest.h */,
				34DA6DF31BBB5E7B00B98030 /* BranchLoadRewardsRequest.m */,
				34DA6DF41BBB5E7B00B98030 /* BranchLogoutRequest.h */,
				34DA6DF51BBB5E7B00B98030 /* BranchLogoutRequest.m */,
				34DA6DF61BBB5E7B00B98030 /* BranchLogRequest.h */,
				34DA6DF71BBB5E7B00B98030 /* BranchLogRequest.m */,
				34DA6DF81BBB5E7B00B98030 /* BranchOpenRequest.h */,
				34DA6DF91BBB5E7B00B98030 /* BranchOpenRequest.m */,
				34DA6DFA1BBB5E7B00B98030 /* BranchRedeemRewardsRequest.h */,
				34DA6DFB1BBB5E7B00B98030 /* BranchRedeemRewardsRequest.m */,
				34DA6DFC1BBB5E7B00B98030 /* BranchSetIdentityRequest.h */,
				34DA6DFD1BBB5E7B00B98030 /* BranchSetIdentityRequest.m */,
				34DA6DFE1BBB5E7B00B98030 /* BranchShortUrlRequest.h */,
				34DA6DFF1BBB5E7B00B98030 /* BranchShortUrlRequest.m */,
				34DA6E001BBB5E7B00B98030 /* BranchShortUrlSyncRequest.h */,
				34DA6E011BBB5E7B00B98030 /* BranchShortUrlSyncRequest.m */,
				34DA6E021BBB5E7B00B98030 /* BranchSpotlightUrlRequest.h */,
				34DA6E031BBB5E7B00B98030 /* BranchSpotlightUrlRequest.m */,
				34DA6E041BBB5E7B00B98030 /* BranchUserCompletedActionRequest.h */,
				34DA6E051BBB5E7B00B98030 /* BranchUserCompletedActionRequest.m */,
				34DA6E061BBB5E7B00B98030 /* BranchValidatePromoCodeRequest.h */,
				34DA6E071BBB5E7B00B98030 /* BranchValidatePromoCodeRequest.m */,
			);
			path = Requests;
			sourceTree = "<group>";
		};
		670016251940F4EC00A9E103 = {
			isa = PBXGroup;
			children = (
				670016331940F4EC00A9E103 /* Branch-SDK */,
				670016301940F4EC00A9E103 /* Frameworks */,
				6700162F1940F4EC00A9E103 /* Products */,
			);
			sourceTree = "<group>";
		};
		6700162F1940F4EC00A9E103 /* Products */ = {
			isa = PBXGroup;
			children = (
				6700162E1940F4EC00A9E103 /* libBranch-SDK.a */,
			);
			name = Products;
			sourceTree = "<group>";
		};
		670016301940F4EC00A9E103 /* Frameworks */ = {
			isa = PBXGroup;
			children = (
				6782963B19ACE576009833D7 /* AdSupport.framework */,
				673B442E195A3F9C005991DE /* UIKit.framework */,
				670016311940F4EC00A9E103 /* Foundation.framework */,
			);
			name = Frameworks;
			sourceTree = "<group>";
		};
		670016331940F4EC00A9E103 /* Branch-SDK */ = {
			isa = PBXGroup;
			children = (
				34DA6DBC1BBB5E7B00B98030 /* BNCConfig.h */,
				34DA6DBD1BBB5E7B00B98030 /* BNCContentDiscoveryManager.h */,
				34DA6DBE1BBB5E7B00B98030 /* BNCContentDiscoveryManager.m */,
				34DA6DBF1BBB5E7B00B98030 /* BNCEncodingUtils.h */,
				34DA6DC01BBB5E7B00B98030 /* BNCEncodingUtils.m */,
				34DA6DC11BBB5E7B00B98030 /* BNCError.h */,
				34DA6DC21BBB5E7B00B98030 /* BNCError.m */,
				34DA6DC31BBB5E7B00B98030 /* BNCLinkCache.h */,
				34DA6DC41BBB5E7B00B98030 /* BNCLinkCache.m */,
				34DA6DC51BBB5E7B00B98030 /* BNCLinkData.h */,
				34DA6DC61BBB5E7B00B98030 /* BNCLinkData.m */,
				34DA6DC71BBB5E7B00B98030 /* BNCPreferenceHelper.h */,
				34DA6DC81BBB5E7B00B98030 /* BNCPreferenceHelper.m */,
				34DA6DC91BBB5E7B00B98030 /* BNCServerInterface.h */,
				34DA6DCA1BBB5E7B00B98030 /* BNCServerInterface.m */,
				34DA6DCB1BBB5E7B00B98030 /* BNCServerRequestQueue.h */,
				34DA6DCC1BBB5E7B00B98030 /* BNCServerRequestQueue.m */,
				34DA6DCD1BBB5E7B00B98030 /* BNCServerResponse.h */,
				34DA6DCE1BBB5E7B00B98030 /* BNCServerResponse.m */,
				34DA6DCF1BBB5E7B00B98030 /* BNCStrongMatchHelper.h */,
				34DA6DD01BBB5E7B00B98030 /* BNCStrongMatchHelper.m */,
				34DA6DD11BBB5E7B00B98030 /* BNCSystemObserver.h */,
				34DA6DD21BBB5E7B00B98030 /* BNCSystemObserver.m */,
				34DA6DD31BBB5E7B00B98030 /* Branch-SDK-Prefix.pch */,
				34DA6DD41BBB5E7B00B98030 /* Branch.h */,
				34DA6DD51BBB5E7B00B98030 /* Branch.m */,
				34DA6DD61BBB5E7B00B98030 /* BranchActivityItemProvider.h */,
				34DA6DD71BBB5E7B00B98030 /* BranchActivityItemProvider.m */,
				34DA6DD81BBB5E7B00B98030 /* BranchConstants.h */,
				34DA6DD91BBB5E7B00B98030 /* BranchConstants.m */,
				34DA6DDA1BBB5E7B00B98030 /* BranchCSSearchableItemAttributeSet.h */,
				34DA6DDB1BBB5E7B00B98030 /* BranchCSSearchableItemAttributeSet.m */,
				34DA6DDC1BBB5E7B00B98030 /* BranchDeepLinkingController.h */,
				34DA6DDD1BBB5E7B00B98030 /* Requests */,
				670016341940F4EC00A9E103 /* Supporting Files */,
			);
			path = "Branch-SDK";
			sourceTree = "<group>";
		};
		670016341940F4EC00A9E103 /* Supporting Files */ = {
			isa = PBXGroup;
			children = (
				670016351940F4EC00A9E103 /* Branch-SDK-Prefix.pch */,
			);
			name = "Supporting Files";
			sourceTree = "<group>";
		};
/* End PBXGroup section */

/* Begin PBXHeadersBuildPhase section */
		6782963D19ACE661009833D7 /* Headers */ = {
			isa = PBXHeadersBuildPhase;
			buildActionMask = 2147483647;
			files = (
				34DA6E111BBB5E7C00B98030 /* BNCLinkData.h in Headers */,
				34DA6E1D1BBB5E7C00B98030 /* BNCSystemObserver.h in Headers */,
				34DA6E241BBB5E7C00B98030 /* BranchConstants.h in Headers */,
				34DA6E391BBB5E7C00B98030 /* BranchInstallRequest.h in Headers */,
				34DA6E3B1BBB5E7C00B98030 /* BranchLoadActionsRequest.h in Headers */,
				34DA6E221BBB5E7C00B98030 /* BranchActivityItemProvider.h in Headers */,
				34DA6E1F1BBB5E7C00B98030 /* Branch-SDK-Prefix.pch in Headers */,
				34DA6E311BBB5E7C00B98030 /* BranchConnectDebugRequest.h in Headers */,
				34DA6E3F1BBB5E7C00B98030 /* BranchLogoutRequest.h in Headers */,
				34DA6E2D1BBB5E7C00B98030 /* BranchApplyPromoCodeRequest.h in Headers */,
				34DA6E081BBB5E7B00B98030 /* BNCConfig.h in Headers */,
				34DA6E411BBB5E7C00B98030 /* BranchLogRequest.h in Headers */,
				34DA6E4B1BBB5E7C00B98030 /* BranchShortUrlSyncRequest.h in Headers */,
				34DA6E191BBB5E7C00B98030 /* BNCServerResponse.h in Headers */,
				34DA6E0D1BBB5E7B00B98030 /* BNCError.h in Headers */,
				34DA6E131BBB5E7C00B98030 /* BNCPreferenceHelper.h in Headers */,
				34DA6E291BBB5E7C00B98030 /* BNCDebugRequest.h in Headers */,
				34DA6E4F1BBB5E7C00B98030 /* BranchUserCompletedActionRequest.h in Headers */,
				34DA6E371BBB5E7C00B98030 /* BranchGetPromoCodeRequest.h in Headers */,
				34DA6E2F1BBB5E7C00B98030 /* BranchCloseRequest.h in Headers */,
				34DA6E431BBB5E7C00B98030 /* BranchOpenRequest.h in Headers */,
				34DA6E0B1BBB5E7B00B98030 /* BNCEncodingUtils.h in Headers */,
				34DA6E4D1BBB5E7C00B98030 /* BranchSpotlightUrlRequest.h in Headers */,
				34DA6E261BBB5E7C00B98030 /* BranchCSSearchableItemAttributeSet.h in Headers */,
				34DA6E1B1BBB5E7C00B98030 /* BNCStrongMatchHelper.h in Headers */,
				34DA6E511BBB5E7C00B98030 /* BranchValidatePromoCodeRequest.h in Headers */,
				34DA6E3D1BBB5E7C00B98030 /* BranchLoadRewardsRequest.h in Headers */,
				34DA6E171BBB5E7C00B98030 /* BNCServerRequestQueue.h in Headers */,
				34DA6E201BBB5E7C00B98030 /* Branch.h in Headers */,
				34DA6E151BBB5E7C00B98030 /* BNCServerInterface.h in Headers */,
				34DA6E091BBB5E7B00B98030 /* BNCContentDiscoveryManager.h in Headers */,
				34DA6E0F1BBB5E7C00B98030 /* BNCLinkCache.h in Headers */,
				34DA6E281BBB5E7C00B98030 /* BranchDeepLinkingController.h in Headers */,
				34DA6E351BBB5E7C00B98030 /* BranchDisconnectDebugRequest.h in Headers */,
				34DA6E491BBB5E7C00B98030 /* BranchShortUrlRequest.h in Headers */,
				34DA6E331BBB5E7C00B98030 /* BranchCreditHistoryRequest.h in Headers */,
				34DA6E471BBB5E7C00B98030 /* BranchSetIdentityRequest.h in Headers */,
				34DA6E451BBB5E7C00B98030 /* BranchRedeemRewardsRequest.h in Headers */,
				34DA6E2B1BBB5E7C00B98030 /* BNCServerRequest.h in Headers */,
			);
			runOnlyForDeploymentPostprocessing = 0;
		};
/* End PBXHeadersBuildPhase section */

/* Begin PBXNativeTarget section */
		6700162D1940F4EC00A9E103 /* Branch-SDK */ = {
			isa = PBXNativeTarget;
			buildConfigurationList = 670016511940F4EC00A9E103 /* Build configuration list for PBXNativeTarget "Branch-SDK" */;
			buildPhases = (
				6700162A1940F4EC00A9E103 /* Sources */,
				6700162B1940F4EC00A9E103 /* Frameworks */,
				6700162C1940F4EC00A9E103 /* CopyFiles */,
				6782963D19ACE661009833D7 /* Headers */,
			);
			buildRules = (
			);
			dependencies = (
			);
			name = "Branch-SDK";
			productName = "Branch-SDK";
			productReference = 6700162E1940F4EC00A9E103 /* libBranch-SDK.a */;
			productType = "com.apple.product-type.library.static";
		};
/* End PBXNativeTarget section */

/* Begin PBXProject section */
		670016261940F4EC00A9E103 /* Project object */ = {
			isa = PBXProject;
			attributes = {
				LastUpgradeCheck = 0510;
				ORGANIZATIONNAME = "Branch Metrics";
			};
			buildConfigurationList = 670016291940F4EC00A9E103 /* Build configuration list for PBXProject "Branch-SDK" */;
			compatibilityVersion = "Xcode 3.2";
			developmentRegion = English;
			hasScannedForEncodings = 0;
			knownRegions = (
				en,
			);
			mainGroup = 670016251940F4EC00A9E103;
			productRefGroup = 6700162F1940F4EC00A9E103 /* Products */;
			projectDirPath = "";
			projectRoot = "";
			targets = (
				6700162D1940F4EC00A9E103 /* Branch-SDK */,
			);
		};
/* End PBXProject section */

/* Begin PBXSourcesBuildPhase section */
		6700162A1940F4EC00A9E103 /* Sources */ = {
			isa = PBXSourcesBuildPhase;
			buildActionMask = 2147483647;
			files = (
				34DA6E4E1BBB5E7C00B98030 /* BranchSpotlightUrlRequest.m in Sources */,
				34DA6E481BBB5E7C00B98030 /* BranchSetIdentityRequest.m in Sources */,
				34DA6E161BBB5E7C00B98030 /* BNCServerInterface.m in Sources */,
				34DA6E501BBB5E7C00B98030 /* BranchUserCompletedActionRequest.m in Sources */,
				34DA6E251BBB5E7C00B98030 /* BranchConstants.m in Sources */,
				34DA6E141BBB5E7C00B98030 /* BNCPreferenceHelper.m in Sources */,
				34DA6E181BBB5E7C00B98030 /* BNCServerRequestQueue.m in Sources */,
				34DA6E0C1BBB5E7B00B98030 /* BNCEncodingUtils.m in Sources */,
				34DA6E521BBB5E7C00B98030 /* BranchValidatePromoCodeRequest.m in Sources */,
				34DA6E271BBB5E7C00B98030 /* BranchCSSearchableItemAttributeSet.m in Sources */,
				34DA6E3C1BBB5E7C00B98030 /* BranchLoadActionsRequest.m in Sources */,
				34DA6E1C1BBB5E7C00B98030 /* BNCStrongMatchHelper.m in Sources */,
				34DA6E3A1BBB5E7C00B98030 /* BranchInstallRequest.m in Sources */,
				34DA6E231BBB5E7C00B98030 /* BranchActivityItemProvider.m in Sources */,
				34DA6E1A1BBB5E7C00B98030 /* BNCServerResponse.m in Sources */,
				34DA6E4A1BBB5E7C00B98030 /* BranchShortUrlRequest.m in Sources */,
				34DA6E441BBB5E7C00B98030 /* BranchOpenRequest.m in Sources */,
				34DA6E401BBB5E7C00B98030 /* BranchLogoutRequest.m in Sources */,
				34DA6E301BBB5E7C00B98030 /* BranchCloseRequest.m in Sources */,
				34DA6E461BBB5E7C00B98030 /* BranchRedeemRewardsRequest.m in Sources */,
				34DA6E1E1BBB5E7C00B98030 /* BNCSystemObserver.m in Sources */,
				34DA6E4C1BBB5E7C00B98030 /* BranchShortUrlSyncRequest.m in Sources */,
				34DA6E121BBB5E7C00B98030 /* BNCLinkData.m in Sources */,
				34DA6E2E1BBB5E7C00B98030 /* BranchApplyPromoCodeRequest.m in Sources */,
				34DA6E361BBB5E7C00B98030 /* BranchDisconnectDebugRequest.m in Sources */,
				34DA6E2C1BBB5E7C00B98030 /* BNCServerRequest.m in Sources */,
				34DA6E0A1BBB5E7B00B98030 /* BNCContentDiscoveryManager.m in Sources */,
				34DA6E3E1BBB5E7C00B98030 /* BranchLoadRewardsRequest.m in Sources */,
				34DA6E211BBB5E7C00B98030 /* Branch.m in Sources */,
				34DA6E101BBB5E7C00B98030 /* BNCLinkCache.m in Sources */,
				34DA6E421BBB5E7C00B98030 /* BranchLogRequest.m in Sources */,
				34DA6E341BBB5E7C00B98030 /* BranchCreditHistoryRequest.m in Sources */,
				34DA6E0E1BBB5E7B00B98030 /* BNCError.m in Sources */,
				34DA6E381BBB5E7C00B98030 /* BranchGetPromoCodeRequest.m in Sources */,
				34DA6E321BBB5E7C00B98030 /* BranchConnectDebugRequest.m in Sources */,
				34DA6E2A1BBB5E7C00B98030 /* BNCDebugRequest.m in Sources */,
			);
			runOnlyForDeploymentPostprocessing = 0;
		};
/* End PBXSourcesBuildPhase section */

/* Begin XCBuildConfiguration section */
		6700164F1940F4EC00A9E103 /* Debug */ = {
			isa = XCBuildConfiguration;
			buildSettings = {
				ALWAYS_SEARCH_USER_PATHS = NO;
				CLANG_CXX_LANGUAGE_STANDARD = "gnu++0x";
				CLANG_CXX_LIBRARY = "libc++";
				CLANG_ENABLE_MODULES = YES;
				CLANG_ENABLE_OBJC_ARC = YES;
				CLANG_WARN_BOOL_CONVERSION = YES;
				CLANG_WARN_CONSTANT_CONVERSION = YES;
				CLANG_WARN_DIRECT_OBJC_ISA_USAGE = YES_ERROR;
				CLANG_WARN_EMPTY_BODY = YES;
				CLANG_WARN_ENUM_CONVERSION = YES;
				CLANG_WARN_INT_CONVERSION = YES;
				CLANG_WARN_OBJC_ROOT_CLASS = YES_ERROR;
				CLANG_WARN__DUPLICATE_METHOD_MATCH = YES;
				COPY_PHASE_STRIP = NO;
				GCC_C_LANGUAGE_STANDARD = gnu99;
				GCC_DYNAMIC_NO_PIC = NO;
				GCC_OPTIMIZATION_LEVEL = 0;
				GCC_PREPROCESSOR_DEFINITIONS = (
					"DEBUG=1",
					"$(inherited)",
				);
				GCC_SYMBOLS_PRIVATE_EXTERN = NO;
				GCC_WARN_64_TO_32_BIT_CONVERSION = YES;
				GCC_WARN_ABOUT_RETURN_TYPE = YES_ERROR;
				GCC_WARN_UNDECLARED_SELECTOR = YES;
				GCC_WARN_UNINITIALIZED_AUTOS = YES_AGGRESSIVE;
				GCC_WARN_UNUSED_FUNCTION = YES;
				GCC_WARN_UNUSED_VARIABLE = YES;
				IPHONEOS_DEPLOYMENT_TARGET = 7.1;
				ONLY_ACTIVE_ARCH = YES;
				SDKROOT = iphoneos;
			};
			name = Debug;
		};
		670016501940F4EC00A9E103 /* Release */ = {
			isa = XCBuildConfiguration;
			buildSettings = {
				ALWAYS_SEARCH_USER_PATHS = NO;
				CLANG_CXX_LANGUAGE_STANDARD = "gnu++0x";
				CLANG_CXX_LIBRARY = "libc++";
				CLANG_ENABLE_MODULES = YES;
				CLANG_ENABLE_OBJC_ARC = YES;
				CLANG_WARN_BOOL_CONVERSION = YES;
				CLANG_WARN_CONSTANT_CONVERSION = YES;
				CLANG_WARN_DIRECT_OBJC_ISA_USAGE = YES_ERROR;
				CLANG_WARN_EMPTY_BODY = YES;
				CLANG_WARN_ENUM_CONVERSION = YES;
				CLANG_WARN_INT_CONVERSION = YES;
				CLANG_WARN_OBJC_ROOT_CLASS = YES_ERROR;
				CLANG_WARN__DUPLICATE_METHOD_MATCH = YES;
				COPY_PHASE_STRIP = YES;
				ENABLE_NS_ASSERTIONS = NO;
				GCC_C_LANGUAGE_STANDARD = gnu99;
				GCC_WARN_64_TO_32_BIT_CONVERSION = YES;
				GCC_WARN_ABOUT_RETURN_TYPE = YES_ERROR;
				GCC_WARN_UNDECLARED_SELECTOR = YES;
				GCC_WARN_UNINITIALIZED_AUTOS = YES_AGGRESSIVE;
				GCC_WARN_UNUSED_FUNCTION = YES;
				GCC_WARN_UNUSED_VARIABLE = YES;
				IPHONEOS_DEPLOYMENT_TARGET = 7.1;
				SDKROOT = iphoneos;
				VALIDATE_PRODUCT = YES;
			};
			name = Release;
		};
		670016521940F4EC00A9E103 /* Debug */ = {
			isa = XCBuildConfiguration;
			buildSettings = {
				DEAD_CODE_STRIPPING = NO;
				DSTROOT = /tmp/Branch_SDK.dst;
				GCC_PRECOMPILE_PREFIX_HEADER = YES;
				GCC_PREFIX_HEADER = "Branch-SDK/Branch-SDK-Prefix.pch";
				OTHER_LDFLAGS = "-ObjC";
				PRODUCT_NAME = "$(TARGET_NAME)";
				PUBLIC_HEADERS_FOLDER_PATH = "include/$(PROJECT_NAME)";
				SKIP_INSTALL = YES;
				STRIP_STYLE = "non-global";
			};
			name = Debug;
		};
		670016531940F4EC00A9E103 /* Release */ = {
			isa = XCBuildConfiguration;
			buildSettings = {
				COPY_PHASE_STRIP = NO;
				DEAD_CODE_STRIPPING = NO;
				DSTROOT = /tmp/Branch_SDK.dst;
				GCC_PRECOMPILE_PREFIX_HEADER = YES;
				GCC_PREFIX_HEADER = "Branch-SDK/Branch-SDK-Prefix.pch";
				OTHER_LDFLAGS = "-ObjC";
				PRODUCT_NAME = "$(TARGET_NAME)";
				PUBLIC_HEADERS_FOLDER_PATH = "include/$(PROJECT_NAME)";
				SKIP_INSTALL = YES;
				STRIP_STYLE = "non-global";
			};
			name = Release;
		};
/* End XCBuildConfiguration section */

/* Begin XCConfigurationList section */
		670016291940F4EC00A9E103 /* Build configuration list for PBXProject "Branch-SDK" */ = {
			isa = XCConfigurationList;
			buildConfigurations = (
				6700164F1940F4EC00A9E103 /* Debug */,
				670016501940F4EC00A9E103 /* Release */,
			);
			defaultConfigurationIsVisible = 0;
			defaultConfigurationName = Release;
		};
		670016511940F4EC00A9E103 /* Build configuration list for PBXNativeTarget "Branch-SDK" */ = {
			isa = XCConfigurationList;
			buildConfigurations = (
				670016521940F4EC00A9E103 /* Debug */,
				670016531940F4EC00A9E103 /* Release */,
			);
			defaultConfigurationIsVisible = 0;
			defaultConfigurationName = Release;
		};
/* End XCConfigurationList section */
	};
	rootObject = 670016261940F4EC00A9E103 /* Project object */;
}
