// !$*UTF8*$!
{
	archiveVersion = 1;
	classes = {
	};
	objectVersion = 46;
	objects = {

/* Begin PBXBuildFile section */
		34D8E5751AAE539700550CCA /* BNCConfig.h in Headers */ = {isa = PBXBuildFile; fileRef = 34D8E55B1AAE539700550CCA /* BNCConfig.h */; };
		34D8E5761AAE539700550CCA /* BNCError.h in Headers */ = {isa = PBXBuildFile; fileRef = 34D8E55C1AAE539700550CCA /* BNCError.h */; };
		34D8E5771AAE539700550CCA /* BNCError.m in Sources */ = {isa = PBXBuildFile; fileRef = 34D8E55D1AAE539700550CCA /* BNCError.m */; };
		34D8E5781AAE539700550CCA /* BNCLinkCache.h in Headers */ = {isa = PBXBuildFile; fileRef = 34D8E55E1AAE539700550CCA /* BNCLinkCache.h */; };
		34D8E5791AAE539700550CCA /* BNCLinkCache.m in Sources */ = {isa = PBXBuildFile; fileRef = 34D8E55F1AAE539700550CCA /* BNCLinkCache.m */; };
		34D8E57A1AAE539700550CCA /* BNCLinkData.h in Headers */ = {isa = PBXBuildFile; fileRef = 34D8E5601AAE539700550CCA /* BNCLinkData.h */; };
		34D8E57B1AAE539700550CCA /* BNCLinkData.m in Sources */ = {isa = PBXBuildFile; fileRef = 34D8E5611AAE539700550CCA /* BNCLinkData.m */; };
		34D8E57C1AAE539700550CCA /* BNCPreferenceHelper.h in Headers */ = {isa = PBXBuildFile; fileRef = 34D8E5621AAE539700550CCA /* BNCPreferenceHelper.h */; };
		34D8E57D1AAE539700550CCA /* BNCPreferenceHelper.m in Sources */ = {isa = PBXBuildFile; fileRef = 34D8E5631AAE539700550CCA /* BNCPreferenceHelper.m */; };
		34D8E57E1AAE539700550CCA /* BNCServerInterface.h in Headers */ = {isa = PBXBuildFile; fileRef = 34D8E5641AAE539700550CCA /* BNCServerInterface.h */; };
		34D8E57F1AAE539700550CCA /* BNCServerInterface.m in Sources */ = {isa = PBXBuildFile; fileRef = 34D8E5651AAE539700550CCA /* BNCServerInterface.m */; };
		34D8E5801AAE539700550CCA /* BNCServerRequest.h in Headers */ = {isa = PBXBuildFile; fileRef = 34D8E5661AAE539700550CCA /* BNCServerRequest.h */; };
		34D8E5811AAE539700550CCA /* BNCServerRequest.m in Sources */ = {isa = PBXBuildFile; fileRef = 34D8E5671AAE539700550CCA /* BNCServerRequest.m */; };
		34D8E5821AAE539700550CCA /* BNCServerRequestQueue.h in Headers */ = {isa = PBXBuildFile; fileRef = 34D8E5681AAE539700550CCA /* BNCServerRequestQueue.h */; };
		34D8E5831AAE539700550CCA /* BNCServerRequestQueue.m in Sources */ = {isa = PBXBuildFile; fileRef = 34D8E5691AAE539700550CCA /* BNCServerRequestQueue.m */; };
		34D8E5841AAE539700550CCA /* BNCServerResponse.h in Headers */ = {isa = PBXBuildFile; fileRef = 34D8E56A1AAE539700550CCA /* BNCServerResponse.h */; };
		34D8E5851AAE539700550CCA /* BNCServerResponse.m in Sources */ = {isa = PBXBuildFile; fileRef = 34D8E56B1AAE539700550CCA /* BNCServerResponse.m */; };
		34D8E5861AAE539700550CCA /* BNCSystemObserver.h in Headers */ = {isa = PBXBuildFile; fileRef = 34D8E56C1AAE539700550CCA /* BNCSystemObserver.h */; };
		34D8E5871AAE539700550CCA /* BNCSystemObserver.m in Sources */ = {isa = PBXBuildFile; fileRef = 34D8E56D1AAE539700550CCA /* BNCSystemObserver.m */; };
		34D8E5881AAE539700550CCA /* Branch-SDK-Prefix.pch in Headers */ = {isa = PBXBuildFile; fileRef = 34D8E56E1AAE539700550CCA /* Branch-SDK-Prefix.pch */; };
		34D8E5891AAE539700550CCA /* Branch.h in Headers */ = {isa = PBXBuildFile; fileRef = 34D8E56F1AAE539700550CCA /* Branch.h */; };
		34D8E58A1AAE539700550CCA /* Branch.m in Sources */ = {isa = PBXBuildFile; fileRef = 34D8E5701AAE539700550CCA /* Branch.m */; };
		34D8E58B1AAE539700550CCA /* BranchActivityItemProvider.h in Headers */ = {isa = PBXBuildFile; fileRef = 34D8E5711AAE539700550CCA /* BranchActivityItemProvider.h */; };
		34D8E58C1AAE539700550CCA /* BranchActivityItemProvider.m in Sources */ = {isa = PBXBuildFile; fileRef = 34D8E5721AAE539700550CCA /* BranchActivityItemProvider.m */; };
		34D8E58D1AAE539700550CCA /* BranchServerInterface.h in Headers */ = {isa = PBXBuildFile; fileRef = 34D8E5731AAE539700550CCA /* BranchServerInterface.h */; };
		34D8E58E1AAE539700550CCA /* BranchServerInterface.m in Sources */ = {isa = PBXBuildFile; fileRef = 34D8E5741AAE539700550CCA /* BranchServerInterface.m */; };
		670016321940F4EC00A9E103 /* Foundation.framework in Frameworks */ = {isa = PBXBuildFile; fileRef = 670016311940F4EC00A9E103 /* Foundation.framework */; };
		673B442F195A3F9C005991DE /* UIKit.framework in Frameworks */ = {isa = PBXBuildFile; fileRef = 673B442E195A3F9C005991DE /* UIKit.framework */; };
		6782963C19ACE576009833D7 /* AdSupport.framework in Frameworks */ = {isa = PBXBuildFile; fileRef = 6782963B19ACE576009833D7 /* AdSupport.framework */; };
/* End PBXBuildFile section */

/* Begin PBXCopyFilesBuildPhase section */
		6700162C1940F4EC00A9E103 /* CopyFiles */ = {
			isa = PBXCopyFilesBuildPhase;
			buildActionMask = 2147483647;
			dstPath = "include/$(PRODUCT_NAME)";
			dstSubfolderSpec = 16;
			files = (
			);
			runOnlyForDeploymentPostprocessing = 0;
		};
/* End PBXCopyFilesBuildPhase section */

/* Begin PBXFileReference section */
		34D8E55B1AAE539700550CCA /* BNCConfig.h */ = {isa = PBXFileReference; fileEncoding = 4; lastKnownFileType = sourcecode.c.h; path = BNCConfig.h; sourceTree = "<group>"; };
		34D8E55C1AAE539700550CCA /* BNCError.h */ = {isa = PBXFileReference; fileEncoding = 4; lastKnownFileType = sourcecode.c.h; path = BNCError.h; sourceTree = "<group>"; };
		34D8E55D1AAE539700550CCA /* BNCError.m */ = {isa = PBXFileReference; fileEncoding = 4; lastKnownFileType = sourcecode.c.objc; path = BNCError.m; sourceTree = "<group>"; };
		34D8E55E1AAE539700550CCA /* BNCLinkCache.h */ = {isa = PBXFileReference; fileEncoding = 4; lastKnownFileType = sourcecode.c.h; path = BNCLinkCache.h; sourceTree = "<group>"; };
		34D8E55F1AAE539700550CCA /* BNCLinkCache.m */ = {isa = PBXFileReference; fileEncoding = 4; lastKnownFileType = sourcecode.c.objc; path = BNCLinkCache.m; sourceTree = "<group>"; };
		34D8E5601AAE539700550CCA /* BNCLinkData.h */ = {isa = PBXFileReference; fileEncoding = 4; lastKnownFileType = sourcecode.c.h; path = BNCLinkData.h; sourceTree = "<group>"; };
		34D8E5611AAE539700550CCA /* BNCLinkData.m */ = {isa = PBXFileReference; fileEncoding = 4; lastKnownFileType = sourcecode.c.objc; path = BNCLinkData.m; sourceTree = "<group>"; };
		34D8E5621AAE539700550CCA /* BNCPreferenceHelper.h */ = {isa = PBXFileReference; fileEncoding = 4; lastKnownFileType = sourcecode.c.h; path = BNCPreferenceHelper.h; sourceTree = "<group>"; };
		34D8E5631AAE539700550CCA /* BNCPreferenceHelper.m */ = {isa = PBXFileReference; fileEncoding = 4; lastKnownFileType = sourcecode.c.objc; path = BNCPreferenceHelper.m; sourceTree = "<group>"; };
		34D8E5641AAE539700550CCA /* BNCServerInterface.h */ = {isa = PBXFileReference; fileEncoding = 4; lastKnownFileType = sourcecode.c.h; path = BNCServerInterface.h; sourceTree = "<group>"; };
		34D8E5651AAE539700550CCA /* BNCServerInterface.m */ = {isa = PBXFileReference; fileEncoding = 4; lastKnownFileType = sourcecode.c.objc; path = BNCServerInterface.m; sourceTree = "<group>"; };
		34D8E5661AAE539700550CCA /* BNCServerRequest.h */ = {isa = PBXFileReference; fileEncoding = 4; lastKnownFileType = sourcecode.c.h; path = BNCServerRequest.h; sourceTree = "<group>"; };
		34D8E5671AAE539700550CCA /* BNCServerRequest.m */ = {isa = PBXFileReference; fileEncoding = 4; lastKnownFileType = sourcecode.c.objc; path = BNCServerRequest.m; sourceTree = "<group>"; };
		34D8E5681AAE539700550CCA /* BNCServerRequestQueue.h */ = {isa = PBXFileReference; fileEncoding = 4; lastKnownFileType = sourcecode.c.h; path = BNCServerRequestQueue.h; sourceTree = "<group>"; };
		34D8E5691AAE539700550CCA /* BNCServerRequestQueue.m */ = {isa = PBXFileReference; fileEncoding = 4; lastKnownFileType = sourcecode.c.objc; path = BNCServerRequestQueue.m; sourceTree = "<group>"; };
		34D8E56A1AAE539700550CCA /* BNCServerResponse.h */ = {isa = PBXFileReference; fileEncoding = 4; lastKnownFileType = sourcecode.c.h; path = BNCServerResponse.h; sourceTree = "<group>"; };
		34D8E56B1AAE539700550CCA /* BNCServerResponse.m */ = {isa = PBXFileReference; fileEncoding = 4; lastKnownFileType = sourcecode.c.objc; path = BNCServerResponse.m; sourceTree = "<group>"; };
		34D8E56C1AAE539700550CCA /* BNCSystemObserver.h */ = {isa = PBXFileReference; fileEncoding = 4; lastKnownFileType = sourcecode.c.h; path = BNCSystemObserver.h; sourceTree = "<group>"; };
		34D8E56D1AAE539700550CCA /* BNCSystemObserver.m */ = {isa = PBXFileReference; fileEncoding = 4; lastKnownFileType = sourcecode.c.objc; path = BNCSystemObserver.m; sourceTree = "<group>"; };
		34D8E56E1AAE539700550CCA /* Branch-SDK-Prefix.pch */ = {isa = PBXFileReference; fileEncoding = 4; lastKnownFileType = sourcecode.c.h; path = "Branch-SDK-Prefix.pch"; sourceTree = "<group>"; };
		34D8E56F1AAE539700550CCA /* Branch.h */ = {isa = PBXFileReference; fileEncoding = 4; lastKnownFileType = sourcecode.c.h; path = Branch.h; sourceTree = "<group>"; };
		34D8E5701AAE539700550CCA /* Branch.m */ = {isa = PBXFileReference; fileEncoding = 4; lastKnownFileType = sourcecode.c.objc; path = Branch.m; sourceTree = "<group>"; };
		34D8E5711AAE539700550CCA /* BranchActivityItemProvider.h */ = {isa = PBXFileReference; fileEncoding = 4; lastKnownFileType = sourcecode.c.h; path = BranchActivityItemProvider.h; sourceTree = "<group>"; };
		34D8E5721AAE539700550CCA /* BranchActivityItemProvider.m */ = {isa = PBXFileReference; fileEncoding = 4; lastKnownFileType = sourcecode.c.objc; path = BranchActivityItemProvider.m; sourceTree = "<group>"; };
		34D8E5731AAE539700550CCA /* BranchServerInterface.h */ = {isa = PBXFileReference; fileEncoding = 4; lastKnownFileType = sourcecode.c.h; path = BranchServerInterface.h; sourceTree = "<group>"; };
		34D8E5741AAE539700550CCA /* BranchServerInterface.m */ = {isa = PBXFileReference; fileEncoding = 4; lastKnownFileType = sourcecode.c.objc; path = BranchServerInterface.m; sourceTree = "<group>"; };
		6700162E1940F4EC00A9E103 /* libBranch-SDK.a */ = {isa = PBXFileReference; explicitFileType = archive.ar; includeInIndex = 0; path = "libBranch-SDK.a"; sourceTree = BUILT_PRODUCTS_DIR; };
		670016311940F4EC00A9E103 /* Foundation.framework */ = {isa = PBXFileReference; lastKnownFileType = wrapper.framework; name = Foundation.framework; path = System/Library/Frameworks/Foundation.framework; sourceTree = SDKROOT; };
		670016351940F4EC00A9E103 /* Branch-SDK-Prefix.pch */ = {isa = PBXFileReference; lastKnownFileType = sourcecode.c.h; path = "Branch-SDK-Prefix.pch"; sourceTree = "<group>"; };
		673B442E195A3F9C005991DE /* UIKit.framework */ = {isa = PBXFileReference; lastKnownFileType = wrapper.framework; name = UIKit.framework; path = System/Library/Frameworks/UIKit.framework; sourceTree = SDKROOT; };
		6782963B19ACE576009833D7 /* AdSupport.framework */ = {isa = PBXFileReference; lastKnownFileType = wrapper.framework; name = AdSupport.framework; path = System/Library/Frameworks/AdSupport.framework; sourceTree = SDKROOT; };
/* End PBXFileReference section */

/* Begin PBXFrameworksBuildPhase section */
		6700162B1940F4EC00A9E103 /* Frameworks */ = {
			isa = PBXFrameworksBuildPhase;
			buildActionMask = 2147483647;
			files = (
				6782963C19ACE576009833D7 /* AdSupport.framework in Frameworks */,
				673B442F195A3F9C005991DE /* UIKit.framework in Frameworks */,
				670016321940F4EC00A9E103 /* Foundation.framework in Frameworks */,
			);
			runOnlyForDeploymentPostprocessing = 0;
		};
/* End PBXFrameworksBuildPhase section */

/* Begin PBXGroup section */
		670016251940F4EC00A9E103 = {
			isa = PBXGroup;
			children = (
				670016331940F4EC00A9E103 /* Branch-SDK */,
				670016301940F4EC00A9E103 /* Frameworks */,
				6700162F1940F4EC00A9E103 /* Products */,
			);
			sourceTree = "<group>";
		};
		6700162F1940F4EC00A9E103 /* Products */ = {
			isa = PBXGroup;
			children = (
				6700162E1940F4EC00A9E103 /* libBranch-SDK.a */,
			);
			name = Products;
			sourceTree = "<group>";
		};
		670016301940F4EC00A9E103 /* Frameworks */ = {
			isa = PBXGroup;
			children = (
				6782963B19ACE576009833D7 /* AdSupport.framework */,
				673B442E195A3F9C005991DE /* UIKit.framework */,
				670016311940F4EC00A9E103 /* Foundation.framework */,
			);
			name = Frameworks;
			sourceTree = "<group>";
		};
		670016331940F4EC00A9E103 /* Branch-SDK */ = {
			isa = PBXGroup;
			children = (
				34D8E55B1AAE539700550CCA /* BNCConfig.h */,
				34D8E55C1AAE539700550CCA /* BNCError.h */,
				34D8E55D1AAE539700550CCA /* BNCError.m */,
				34D8E55E1AAE539700550CCA /* BNCLinkCache.h */,
				34D8E55F1AAE539700550CCA /* BNCLinkCache.m */,
				34D8E5601AAE539700550CCA /* BNCLinkData.h */,
				34D8E5611AAE539700550CCA /* BNCLinkData.m */,
				34D8E5621AAE539700550CCA /* BNCPreferenceHelper.h */,
				34D8E5631AAE539700550CCA /* BNCPreferenceHelper.m */,
				34D8E5641AAE539700550CCA /* BNCServerInterface.h */,
				34D8E5651AAE539700550CCA /* BNCServerInterface.m */,
				34D8E5661AAE539700550CCA /* BNCServerRequest.h */,
				34D8E5671AAE539700550CCA /* BNCServerRequest.m */,
				34D8E5681AAE539700550CCA /* BNCServerRequestQueue.h */,
				34D8E5691AAE539700550CCA /* BNCServerRequestQueue.m */,
				34D8E56A1AAE539700550CCA /* BNCServerResponse.h */,
				34D8E56B1AAE539700550CCA /* BNCServerResponse.m */,
				34D8E56C1AAE539700550CCA /* BNCSystemObserver.h */,
				34D8E56D1AAE539700550CCA /* BNCSystemObserver.m */,
				34D8E56E1AAE539700550CCA /* Branch-SDK-Prefix.pch */,
				34D8E56F1AAE539700550CCA /* Branch.h */,
				34D8E5701AAE539700550CCA /* Branch.m */,
				34D8E5711AAE539700550CCA /* BranchActivityItemProvider.h */,
				34D8E5721AAE539700550CCA /* BranchActivityItemProvider.m */,
				34D8E5731AAE539700550CCA /* BranchServerInterface.h */,
				34D8E5741AAE539700550CCA /* BranchServerInterface.m */,
				670016341940F4EC00A9E103 /* Supporting Files */,
			);
			path = "Branch-SDK";
			sourceTree = "<group>";
		};
		670016341940F4EC00A9E103 /* Supporting Files */ = {
			isa = PBXGroup;
			children = (
				670016351940F4EC00A9E103 /* Branch-SDK-Prefix.pch */,
			);
			name = "Supporting Files";
			sourceTree = "<group>";
		};
/* End PBXGroup section */

/* Begin PBXHeadersBuildPhase section */
		6782963D19ACE661009833D7 /* Headers */ = {
			isa = PBXHeadersBuildPhase;
			buildActionMask = 2147483647;
			files = (
				34D8E5781AAE539700550CCA /* BNCLinkCache.h in Headers */,
				34D8E58D1AAE539700550CCA /* BranchServerInterface.h in Headers */,
				34D8E5751AAE539700550CCA /* BNCConfig.h in Headers */,
				34D8E5801AAE539700550CCA /* BNCServerRequest.h in Headers */,
				34D8E57C1AAE539700550CCA /* BNCPreferenceHelper.h in Headers */,
				34D8E57A1AAE539700550CCA /* BNCLinkData.h in Headers */,
				34D8E5861AAE539700550CCA /* BNCSystemObserver.h in Headers */,
				34D8E5821AAE539700550CCA /* BNCServerRequestQueue.h in Headers */,
				34D8E5761AAE539700550CCA /* BNCError.h in Headers */,
				34D8E5891AAE539700550CCA /* Branch.h in Headers */,
				34D8E5841AAE539700550CCA /* BNCServerResponse.h in Headers */,
				34D8E57E1AAE539700550CCA /* BNCServerInterface.h in Headers */,
				34D8E58B1AAE539700550CCA /* BranchActivityItemProvider.h in Headers */,
				34D8E5881AAE539700550CCA /* Branch-SDK-Prefix.pch in Headers */,
			);
			runOnlyForDeploymentPostprocessing = 0;
		};
/* End PBXHeadersBuildPhase section */

/* Begin PBXNativeTarget section */
		6700162D1940F4EC00A9E103 /* Branch-SDK */ = {
			isa = PBXNativeTarget;
			buildConfigurationList = 670016511940F4EC00A9E103 /* Build configuration list for PBXNativeTarget "Branch-SDK" */;
			buildPhases = (
				6700162A1940F4EC00A9E103 /* Sources */,
				6700162B1940F4EC00A9E103 /* Frameworks */,
				6700162C1940F4EC00A9E103 /* CopyFiles */,
				6782963D19ACE661009833D7 /* Headers */,
			);
			buildRules = (
			);
			dependencies = (
			);
			name = "Branch-SDK";
			productName = "Branch-SDK";
			productReference = 6700162E1940F4EC00A9E103 /* libBranch-SDK.a */;
			productType = "com.apple.product-type.library.static";
		};
/* End PBXNativeTarget section */

/* Begin PBXProject section */
		670016261940F4EC00A9E103 /* Project object */ = {
			isa = PBXProject;
			attributes = {
				LastUpgradeCheck = 0510;
				ORGANIZATIONNAME = "Branch Metrics";
			};
			buildConfigurationList = 670016291940F4EC00A9E103 /* Build configuration list for PBXProject "Branch-SDK" */;
			compatibilityVersion = "Xcode 3.2";
			developmentRegion = English;
			hasScannedForEncodings = 0;
			knownRegions = (
				en,
			);
			mainGroup = 670016251940F4EC00A9E103;
			productRefGroup = 6700162F1940F4EC00A9E103 /* Products */;
			projectDirPath = "";
			projectRoot = "";
			targets = (
				6700162D1940F4EC00A9E103 /* Branch-SDK */,
			);
		};
/* End PBXProject section */

/* Begin PBXSourcesBuildPhase section */
		6700162A1940F4EC00A9E103 /* Sources */ = {
			isa = PBXSourcesBuildPhase;
			buildActionMask = 2147483647;
			files = (
				34D8E57B1AAE539700550CCA /* BNCLinkData.m in Sources */,
				34D8E5871AAE539700550CCA /* BNCSystemObserver.m in Sources */,
				34D8E57F1AAE539700550CCA /* BNCServerInterface.m in Sources */,
				34D8E5791AAE539700550CCA /* BNCLinkCache.m in Sources */,
				34D8E58E1AAE539700550CCA /* BranchServerInterface.m in Sources */,
				34D8E57D1AAE539700550CCA /* BNCPreferenceHelper.m in Sources */,
				34D8E5811AAE539700550CCA /* BNCServerRequest.m in Sources */,
				34D8E5771AAE539700550CCA /* BNCError.m in Sources */,
				34D8E58C1AAE539700550CCA /* BranchActivityItemProvider.m in Sources */,
				34D8E58A1AAE539700550CCA /* Branch.m in Sources */,
				34D8E5831AAE539700550CCA /* BNCServerRequestQueue.m in Sources */,
				34D8E5851AAE539700550CCA /* BNCServerResponse.m in Sources */,
			);
			runOnlyForDeploymentPostprocessing = 0;
		};
/* End PBXSourcesBuildPhase section */

/* Begin XCBuildConfiguration section */
		6700164F1940F4EC00A9E103 /* Debug */ = {
			isa = XCBuildConfiguration;
			buildSettings = {
				ALWAYS_SEARCH_USER_PATHS = NO;
				CLANG_CXX_LANGUAGE_STANDARD = "gnu++0x";
				CLANG_CXX_LIBRARY = "libc++";
				CLANG_ENABLE_MODULES = YES;
				CLANG_ENABLE_OBJC_ARC = YES;
				CLANG_WARN_BOOL_CONVERSION = YES;
				CLANG_WARN_CONSTANT_CONVERSION = YES;
				CLANG_WARN_DIRECT_OBJC_ISA_USAGE = YES_ERROR;
				CLANG_WARN_EMPTY_BODY = YES;
				CLANG_WARN_ENUM_CONVERSION = YES;
				CLANG_WARN_INT_CONVERSION = YES;
				CLANG_WARN_OBJC_ROOT_CLASS = YES_ERROR;
				CLANG_WARN__DUPLICATE_METHOD_MATCH = YES;
				COPY_PHASE_STRIP = NO;
				GCC_C_LANGUAGE_STANDARD = gnu99;
				GCC_DYNAMIC_NO_PIC = NO;
				GCC_OPTIMIZATION_LEVEL = 0;
				GCC_PREPROCESSOR_DEFINITIONS = (
					"DEBUG=1",
					"$(inherited)",
				);
				GCC_SYMBOLS_PRIVATE_EXTERN = NO;
				GCC_WARN_64_TO_32_BIT_CONVERSION = YES;
				GCC_WARN_ABOUT_RETURN_TYPE = YES_ERROR;
				GCC_WARN_UNDECLARED_SELECTOR = YES;
				GCC_WARN_UNINITIALIZED_AUTOS = YES_AGGRESSIVE;
				GCC_WARN_UNUSED_FUNCTION = YES;
				GCC_WARN_UNUSED_VARIABLE = YES;
				IPHONEOS_DEPLOYMENT_TARGET = 7.1;
				ONLY_ACTIVE_ARCH = YES;
				SDKROOT = iphoneos;
			};
			name = Debug;
		};
		670016501940F4EC00A9E103 /* Release */ = {
			isa = XCBuildConfiguration;
			buildSettings = {
				ALWAYS_SEARCH_USER_PATHS = NO;
				CLANG_CXX_LANGUAGE_STANDARD = "gnu++0x";
				CLANG_CXX_LIBRARY = "libc++";
				CLANG_ENABLE_MODULES = YES;
				CLANG_ENABLE_OBJC_ARC = YES;
				CLANG_WARN_BOOL_CONVERSION = YES;
				CLANG_WARN_CONSTANT_CONVERSION = YES;
				CLANG_WARN_DIRECT_OBJC_ISA_USAGE = YES_ERROR;
				CLANG_WARN_EMPTY_BODY = YES;
				CLANG_WARN_ENUM_CONVERSION = YES;
				CLANG_WARN_INT_CONVERSION = YES;
				CLANG_WARN_OBJC_ROOT_CLASS = YES_ERROR;
				CLANG_WARN__DUPLICATE_METHOD_MATCH = YES;
				COPY_PHASE_STRIP = YES;
				ENABLE_NS_ASSERTIONS = NO;
				GCC_C_LANGUAGE_STANDARD = gnu99;
				GCC_WARN_64_TO_32_BIT_CONVERSION = YES;
				GCC_WARN_ABOUT_RETURN_TYPE = YES_ERROR;
				GCC_WARN_UNDECLARED_SELECTOR = YES;
				GCC_WARN_UNINITIALIZED_AUTOS = YES_AGGRESSIVE;
				GCC_WARN_UNUSED_FUNCTION = YES;
				GCC_WARN_UNUSED_VARIABLE = YES;
				IPHONEOS_DEPLOYMENT_TARGET = 7.1;
				SDKROOT = iphoneos;
				VALIDATE_PRODUCT = YES;
			};
			name = Release;
		};
		670016521940F4EC00A9E103 /* Debug */ = {
			isa = XCBuildConfiguration;
			buildSettings = {
				DEAD_CODE_STRIPPING = NO;
				DSTROOT = /tmp/Branch_SDK.dst;
				GCC_PRECOMPILE_PREFIX_HEADER = YES;
				GCC_PREFIX_HEADER = "Branch-SDK/Branch-SDK-Prefix.pch";
				OTHER_LDFLAGS = "-ObjC";
				PRODUCT_NAME = "$(TARGET_NAME)";
				PUBLIC_HEADERS_FOLDER_PATH = "include/$(PROJECT_NAME)";
				SKIP_INSTALL = YES;
				STRIP_STYLE = "non-global";
			};
			name = Debug;
		};
		670016531940F4EC00A9E103 /* Release */ = {
			isa = XCBuildConfiguration;
			buildSettings = {
				COPY_PHASE_STRIP = NO;
				DEAD_CODE_STRIPPING = NO;
				DSTROOT = /tmp/Branch_SDK.dst;
				GCC_PRECOMPILE_PREFIX_HEADER = YES;
				GCC_PREFIX_HEADER = "Branch-SDK/Branch-SDK-Prefix.pch";
				OTHER_LDFLAGS = "-ObjC";
				PRODUCT_NAME = "$(TARGET_NAME)";
				PUBLIC_HEADERS_FOLDER_PATH = "include/$(PROJECT_NAME)";
				SKIP_INSTALL = YES;
				STRIP_STYLE = "non-global";
			};
			name = Release;
		};
/* End XCBuildConfiguration section */

/* Begin XCConfigurationList section */
		670016291940F4EC00A9E103 /* Build configuration list for PBXProject "Branch-SDK" */ = {
			isa = XCConfigurationList;
			buildConfigurations = (
				6700164F1940F4EC00A9E103 /* Debug */,
				670016501940F4EC00A9E103 /* Release */,
			);
			defaultConfigurationIsVisible = 0;
			defaultConfigurationName = Release;
		};
		670016511940F4EC00A9E103 /* Build configuration list for PBXNativeTarget "Branch-SDK" */ = {
			isa = XCConfigurationList;
			buildConfigurations = (
				670016521940F4EC00A9E103 /* Debug */,
				670016531940F4EC00A9E103 /* Release */,
			);
			defaultConfigurationIsVisible = 0;
			defaultConfigurationName = Release;
		};
/* End XCConfigurationList section */
	};
	rootObject = 670016261940F4EC00A9E103 /* Project object */;
}
